
Microsoft Visual Studio Solution File, Format Version 12.00
# Visual Studio Version 16
VisualStudioVersion = 16.0.30320.27
MinimumVisualStudioVersion = 10.0.40219.1
Project("{8BC9CEB8-8B4A-11D0-8D11-00A0C91BC942}") = "GenshinBypass", "GenshinBypass\GenshinBypass.vcxproj", "{46DD406D-8D67-425B-98C6-3F7A90A7A46F}"
EndProject
Project("{8BC9CEB8-8B4A-11D0-8D11-00A0C91BC942}") = "SampleDLL", "SampleDLL\SampleDLL.vcxproj", "{7A43DCC5-D99D-4792-A446-B1BDC2A034DD}"
EndProject
Project("{8BC9CEB8-8B4A-11D0-8D11-00A0C91BC942}") = "HelloWorldDLL", "HelloWorldDLL\HelloWorldDLL.vcxproj", "{94C8B734-3123-4D8D-B1A2-2145B9B0485E}"
EndProject
Global
	GlobalSection(SolutionConfigurationPlatforms) = preSolution
		Debug|x64 = Debug|x64
		Debug|x86 = Debug|x86
		Release|x64 = Release|x64
		Release|x86 = Release|x86
	EndGlobalSection
	GlobalSection(ProjectConfigurationPlatforms) = postSolution
		{46DD406D-8D67-425B-98C6-3F7A90A7A46F}.Debug|x64.ActiveCfg = Debug|x64
		{46DD406D-8D67-425B-98C6-3F7A90A7A46F}.Debug|x64.Build.0 = Debug|x64
		{46DD406D-8D67-425B-98C6-3F7A90A7A46F}.Debug|x86.ActiveCfg = Debug|Win32
		{46DD406D-8D67-425B-98C6-3F7A90A7A46F}.Debug|x86.Build.0 = Debug|Win32
		{46DD406D-8D67-425B-98C6-3F7A90A7A46F}.Release|x64.ActiveCfg = Release|x64
		{46DD406D-8D67-425B-98C6-3F7A90A7A46F}.Release|x64.Build.0 = Release|x64
		{46DD406D-8D67-425B-98C6-3F7A90A7A46F}.Release|x86.ActiveCfg = Release|Win32
		{46DD406D-8D67-425B-98C6-3F7A90A7A46F}.Release|x86.Build.0 = Release|Win32
		{7A43DCC5-D99D-4792-A446-B1BDC2A034DD}.Debug|x64.ActiveCfg = Debug|x64
		{7A43DCC5-D99D-4792-A446-B1BDC2A034DD}.Debug|x64.Build.0 = Debug|x64
		{7A43DCC5-D99D-4792-A446-B1BDC2A034DD}.Debug|x86.ActiveCfg = Debug|Win32
		{7A43DCC5-D99D-4792-A446-B1BDC2A034DD}.Debug|x86.Build.0 = Debug|Win32
		{7A43DCC5-D99D-4792-A446-B1BDC2A034DD}.Release|x64.ActiveCfg = Release|x64
		{7A43DCC5-D99D-4792-A446-B1BDC2A034DD}.Release|x64.Build.0 = Release|x64
		{7A43DCC5-D99D-4792-A446-B1BDC2A034DD}.Release|x86.ActiveCfg = Release|Win32
		{7A43DCC5-D99D-4792-A446-B1BDC2A034DD}.Release|x86.Build.0 = Release|Win32
		{94C8B734-3123-4D8D-B1A2-2145B9B0485E}.Debug|x64.ActiveCfg = Debug|x64
		{94C8B734-3123-4D8D-B1A2-2145B9B0485E}.Debug|x64.Build.0 = Debug|x64
		{94C8B734-3123-4D8D-B1A2-2145B9B0485E}.Debug|x86.ActiveCfg = Debug|Win32
		{94C8B734-3123-4D8D-B1A2-2145B9B0485E}.Debug|x86.Build.0 = Debug|Win32
		{94C8B734-3123-4D8D-B1A2-2145B9B0485E}.Release|x64.ActiveCfg = Release|x64
		{94C8B734-3123-4D8D-B1A2-2145B9B0485E}.Release|x64.Build.0 = Release|x64
		{94C8B734-3123-4D8D-B1A2-2145B9B0485E}.Release|x86.ActiveCfg = Release|Win32
		{94C8B734-3123-4D8D-B1A2-2145B9B0485E}.Release|x86.Build.0 = Release|Win32
	EndGlobalSection
	GlobalSection(SolutionProperties) = preSolution
		HideSolutionNode = FALSE
	EndGlobalSection
	GlobalSection(ExtensibilityGlobals) = postSolution
		SolutionGuid = {25E08321-DD38-4AEC-864C-F4DB04F75D9C}
	EndGlobalSection
EndGlobal
